// !$*UTF8*$!
{
	archiveVersion = 1;
	classes = {
	};
	objectVersion = 55;
	objects = {

/* Begin PBXBuildFile section */
		9C1149E42824550B003304CD /* AppDelegate.swift in Sources */ = {isa = PBXBuildFile; fileRef = 9C1149E32824550B003304CD /* AppDelegate.swift */; };
		9C1149E62824550B003304CD /* SceneDelegate.swift in Sources */ = {isa = PBXBuildFile; fileRef = 9C1149E52824550B003304CD /* SceneDelegate.swift */; };
		9C1149ED2824550C003304CD /* Assets.xcassets in Resources */ = {isa = PBXBuildFile; fileRef = 9C1149EC2824550C003304CD /* Assets.xcassets */; };
		9C1149F02824550C003304CD /* LaunchScreen.storyboard in Resources */ = {isa = PBXBuildFile; fileRef = 9C1149EE2824550C003304CD /* LaunchScreen.storyboard */; };
		9C1149FD2824560D003304CD /* PullToRefreshView.swift in Sources */ = {isa = PBXBuildFile; fileRef = 9C1149FC2824560D003304CD /* PullToRefreshView.swift */; };
		9C1149FF2824561B003304CD /* PullToRefreshViewModel.swift in Sources */ = {isa = PBXBuildFile; fileRef = 9C1149FE2824561B003304CD /* PullToRefreshViewModel.swift */; };
		9C114A0128245621003304CD /* PullToRefreshModel.swift in Sources */ = {isa = PBXBuildFile; fileRef = 9C114A0028245621003304CD /* PullToRefreshModel.swift */; };
		9C114A0328245635003304CD /* InfiniteScrollView.swift in Sources */ = {isa = PBXBuildFile; fileRef = 9C114A0228245635003304CD /* InfiniteScrollView.swift */; };
		9C114A052824563E003304CD /* InfiniteScrollViewModel.swift in Sources */ = {isa = PBXBuildFile; fileRef = 9C114A042824563E003304CD /* InfiniteScrollViewModel.swift */; };
		9C114A072824564A003304CD /* InfiniteScrollModel.swift in Sources */ = {isa = PBXBuildFile; fileRef = 9C114A062824564A003304CD /* InfiniteScrollModel.swift */; };
		9C114A092824565F003304CD /* HomeView.swift in Sources */ = {isa = PBXBuildFile; fileRef = 9C114A082824565F003304CD /* HomeView.swift */; };
		9C114A0B28245665003304CD /* HomeViewModel.swift in Sources */ = {isa = PBXBuildFile; fileRef = 9C114A0A28245665003304CD /* HomeViewModel.swift */; };
		9C114A0D2824566F003304CD /* HomeModel.swift in Sources */ = {isa = PBXBuildFile; fileRef = 9C114A0C2824566F003304CD /* HomeModel.swift */; };
		9C114A0F28245677003304CD /* ProfileView.swift in Sources */ = {isa = PBXBuildFile; fileRef = 9C114A0E28245677003304CD /* ProfileView.swift */; };
		9C114A112824568E003304CD /* ProfileViewModel.swift in Sources */ = {isa = PBXBuildFile; fileRef = 9C114A102824568E003304CD /* ProfileViewModel.swift */; };
		9C114A1328245697003304CD /* ProfileModel.swift in Sources */ = {isa = PBXBuildFile; fileRef = 9C114A1228245697003304CD /* ProfileModel.swift */; };
		9C114A16282507A3003304CD /* NetworkService.swift in Sources */ = {isa = PBXBuildFile; fileRef = 9C114A15282507A3003304CD /* NetworkService.swift */; };
		9C114A18282507BF003304CD /* RandomUsersDTO.swift in Sources */ = {isa = PBXBuildFile; fileRef = 9C114A17282507BF003304CD /* RandomUsersDTO.swift */; };
		9C114A1A282507F8003304CD /* Endpoints.swift in Sources */ = {isa = PBXBuildFile; fileRef = 9C114A19282507F8003304CD /* Endpoints.swift */; };
		9C114A1C282510CE003304CD /* ClientNetworkService.swift in Sources */ = {isa = PBXBuildFile; fileRef = 9C114A1B282510CE003304CD /* ClientNetworkService.swift */; };
		9C114A1E282514FE003304CD /* AppRouter.swift in Sources */ = {isa = PBXBuildFile; fileRef = 9C114A1D282514FE003304CD /* AppRouter.swift */; };
		9C114A2028251573003304CD /* HomeViewBuilder.swift in Sources */ = {isa = PBXBuildFile; fileRef = 9C114A1F28251573003304CD /* HomeViewBuilder.swift */; };
		9C114A22282515E6003304CD /* AppContainer.swift in Sources */ = {isa = PBXBuildFile; fileRef = 9C114A21282515E6003304CD /* AppContainer.swift */; };
/* End PBXBuildFile section */

/* Begin PBXFileReference section */
		9C1149E02824550B003304CD /* InfiniteScroll PullToRefresh Paging.app */ = {isa = PBXFileReference; explicitFileType = wrapper.application; includeInIndex = 0; path = "InfiniteScroll PullToRefresh Paging.app"; sourceTree = BUILT_PRODUCTS_DIR; };
		9C1149E32824550B003304CD /* AppDelegate.swift */ = {isa = PBXFileReference; lastKnownFileType = sourcecode.swift; path = AppDelegate.swift; sourceTree = "<group>"; };
		9C1149E52824550B003304CD /* SceneDelegate.swift */ = {isa = PBXFileReference; lastKnownFileType = sourcecode.swift; path = SceneDelegate.swift; sourceTree = "<group>"; };
		9C1149EC2824550C003304CD /* Assets.xcassets */ = {isa = PBXFileReference; lastKnownFileType = folder.assetcatalog; path = Assets.xcassets; sourceTree = "<group>"; };
		9C1149EF2824550C003304CD /* Base */ = {isa = PBXFileReference; lastKnownFileType = file.storyboard; name = Base; path = Base.lproj/LaunchScreen.storyboard; sourceTree = "<group>"; };
		9C1149F12824550C003304CD /* Info.plist */ = {isa = PBXFileReference; lastKnownFileType = text.plist.xml; path = Info.plist; sourceTree = "<group>"; };
		9C1149FC2824560D003304CD /* PullToRefreshView.swift */ = {isa = PBXFileReference; lastKnownFileType = sourcecode.swift; path = PullToRefreshView.swift; sourceTree = "<group>"; };
		9C1149FE2824561B003304CD /* PullToRefreshViewModel.swift */ = {isa = PBXFileReference; lastKnownFileType = sourcecode.swift; path = PullToRefreshViewModel.swift; sourceTree = "<group>"; };
		9C114A0028245621003304CD /* PullToRefreshModel.swift */ = {isa = PBXFileReference; lastKnownFileType = sourcecode.swift; path = PullToRefreshModel.swift; sourceTree = "<group>"; };
		9C114A0228245635003304CD /* InfiniteScrollView.swift */ = {isa = PBXFileReference; lastKnownFileType = sourcecode.swift; path = InfiniteScrollView.swift; sourceTree = "<group>"; };
		9C114A042824563E003304CD /* InfiniteScrollViewModel.swift */ = {isa = PBXFileReference; lastKnownFileType = sourcecode.swift; path = InfiniteScrollViewModel.swift; sourceTree = "<group>"; };
		9C114A062824564A003304CD /* InfiniteScrollModel.swift */ = {isa = PBXFileReference; lastKnownFileType = sourcecode.swift; path = InfiniteScrollModel.swift; sourceTree = "<group>"; };
		9C114A082824565F003304CD /* HomeView.swift */ = {isa = PBXFileReference; lastKnownFileType = sourcecode.swift; path = HomeView.swift; sourceTree = "<group>"; };
		9C114A0A28245665003304CD /* HomeViewModel.swift */ = {isa = PBXFileReference; lastKnownFileType = sourcecode.swift; path = HomeViewModel.swift; sourceTree = "<group>"; };
		9C114A0C2824566F003304CD /* HomeModel.swift */ = {isa = PBXFileReference; lastKnownFileType = sourcecode.swift; path = HomeModel.swift; sourceTree = "<group>"; };
		9C114A0E28245677003304CD /* ProfileView.swift */ = {isa = PBXFileReference; lastKnownFileType = sourcecode.swift; path = ProfileView.swift; sourceTree = "<group>"; };
		9C114A102824568E003304CD /* ProfileViewModel.swift */ = {isa = PBXFileReference; lastKnownFileType = sourcecode.swift; path = ProfileViewModel.swift; sourceTree = "<group>"; };
		9C114A1228245697003304CD /* ProfileModel.swift */ = {isa = PBXFileReference; lastKnownFileType = sourcecode.swift; path = ProfileModel.swift; sourceTree = "<group>"; };
		9C114A15282507A3003304CD /* NetworkService.swift */ = {isa = PBXFileReference; lastKnownFileType = sourcecode.swift; path = NetworkService.swift; sourceTree = "<group>"; };
		9C114A17282507BF003304CD /* RandomUsersDTO.swift */ = {isa = PBXFileReference; lastKnownFileType = sourcecode.swift; path = RandomUsersDTO.swift; sourceTree = "<group>"; };
		9C114A19282507F8003304CD /* Endpoints.swift */ = {isa = PBXFileReference; lastKnownFileType = sourcecode.swift; path = Endpoints.swift; sourceTree = "<group>"; };
		9C114A1B282510CE003304CD /* ClientNetworkService.swift */ = {isa = PBXFileReference; lastKnownFileType = sourcecode.swift; path = ClientNetworkService.swift; sourceTree = "<group>"; };
		9C114A1D282514FE003304CD /* AppRouter.swift */ = {isa = PBXFileReference; lastKnownFileType = sourcecode.swift; path = AppRouter.swift; sourceTree = "<group>"; };
		9C114A1F28251573003304CD /* HomeViewBuilder.swift */ = {isa = PBXFileReference; lastKnownFileType = sourcecode.swift; path = HomeViewBuilder.swift; sourceTree = "<group>"; };
		9C114A21282515E6003304CD /* AppContainer.swift */ = {isa = PBXFileReference; lastKnownFileType = sourcecode.swift; path = AppContainer.swift; sourceTree = "<group>"; };
/* End PBXFileReference section */

/* Begin PBXFrameworksBuildPhase section */
		9C1149DD2824550B003304CD /* Frameworks */ = {
			isa = PBXFrameworksBuildPhase;
			buildActionMask = 2147483647;
			files = (
			);
			runOnlyForDeploymentPostprocessing = 0;
		};
/* End PBXFrameworksBuildPhase section */

/* Begin PBXGroup section */
		9C1149D72824550B003304CD = {
			isa = PBXGroup;
			children = (
				9C1149E22824550B003304CD /* InfiniteScroll PullToRefresh Paging */,
				9C1149E12824550B003304CD /* Products */,
			);
			sourceTree = "<group>";
		};
		9C1149E12824550B003304CD /* Products */ = {
			isa = PBXGroup;
			children = (
				9C1149E02824550B003304CD /* InfiniteScroll PullToRefresh Paging.app */,
			);
			name = Products;
			sourceTree = "<group>";
		};
		9C1149E22824550B003304CD /* InfiniteScroll PullToRefresh Paging */ = {
			isa = PBXGroup;
			children = (
				9C1149F72824552B003304CD /* Screens */,
				9C114A14282456A9003304CD /* Network */,
				9C114A24282518BA003304CD /* Resources */,
			);
			path = "InfiniteScroll PullToRefresh Paging";
			sourceTree = "<group>";
		};
		9C1149F72824552B003304CD /* Screens */ = {
			isa = PBXGroup;
			children = (
				9C1149F828245534003304CD /* Home */,
				9C1149FA28245576003304CD /* InfiniteScroll */,
				9C1149FB282455DF003304CD /* PullToRefresh */,
				9C1149F92824554E003304CD /* Profile */,
			);
			name = Screens;
			sourceTree = "<group>";
		};
		9C1149F828245534003304CD /* Home */ = {
			isa = PBXGroup;
			children = (
				9C114A082824565F003304CD /* HomeView.swift */,
				9C114A0A28245665003304CD /* HomeViewModel.swift */,
				9C114A0C2824566F003304CD /* HomeModel.swift */,
				9C114A1F28251573003304CD /* HomeViewBuilder.swift */,
			);
			path = Home;
			sourceTree = "<group>";
		};
		9C1149F92824554E003304CD /* Profile */ = {
			isa = PBXGroup;
			children = (
				9C114A0E28245677003304CD /* ProfileView.swift */,
				9C114A102824568E003304CD /* ProfileViewModel.swift */,
				9C114A1228245697003304CD /* ProfileModel.swift */,
			);
			path = Profile;
			sourceTree = "<group>";
		};
		9C1149FA28245576003304CD /* InfiniteScroll */ = {
			isa = PBXGroup;
			children = (
				9C114A0228245635003304CD /* InfiniteScrollView.swift */,
				9C114A042824563E003304CD /* InfiniteScrollViewModel.swift */,
				9C114A062824564A003304CD /* InfiniteScrollModel.swift */,
			);
			path = InfiniteScroll;
			sourceTree = "<group>";
		};
		9C1149FB282455DF003304CD /* PullToRefresh */ = {
			isa = PBXGroup;
			children = (
				9C1149FC2824560D003304CD /* PullToRefreshView.swift */,
				9C1149FE2824561B003304CD /* PullToRefreshViewModel.swift */,
				9C114A0028245621003304CD /* PullToRefreshModel.swift */,
			);
			name = PullToRefresh;
			sourceTree = "<group>";
		};
		9C114A14282456A9003304CD /* Network */ = {
			isa = PBXGroup;
			children = (
				9C114A15282507A3003304CD /* NetworkService.swift */,
				9C114A17282507BF003304CD /* RandomUsersDTO.swift */,
				9C114A19282507F8003304CD /* Endpoints.swift */,
				9C114A1B282510CE003304CD /* ClientNetworkService.swift */,
			);
			name = Network;
			sourceTree = "<group>";
		};
		9C114A24282518BA003304CD /* Resources */ = {
			isa = PBXGroup;
			children = (
				9C114A1D282514FE003304CD /* AppRouter.swift */,
				9C114A21282515E6003304CD /* AppContainer.swift */,
				9C1149E32824550B003304CD /* AppDelegate.swift */,
				9C1149E52824550B003304CD /* SceneDelegate.swift */,
				9C1149EC2824550C003304CD /* Assets.xcassets */,
				9C1149EE2824550C003304CD /* LaunchScreen.storyboard */,
				9C1149F12824550C003304CD /* Info.plist */,
			);
			path = Resources;
			sourceTree = "<group>";
		};
/* End PBXGroup section */

/* Begin PBXNativeTarget section */
		9C1149DF2824550B003304CD /* InfiniteScroll PullToRefresh Paging */ = {
			isa = PBXNativeTarget;
			buildConfigurationList = 9C1149F42824550C003304CD /* Build configuration list for PBXNativeTarget "InfiniteScroll PullToRefresh Paging" */;
			buildPhases = (
				9C1149DC2824550B003304CD /* Sources */,
				9C1149DD2824550B003304CD /* Frameworks */,
				9C1149DE2824550B003304CD /* Resources */,
			);
			buildRules = (
			);
			dependencies = (
			);
			name = "InfiniteScroll PullToRefresh Paging";
			productName = "InfiniteScroll PullToRefresh Paging";
			productReference = 9C1149E02824550B003304CD /* InfiniteScroll PullToRefresh Paging.app */;
			productType = "com.apple.product-type.application";
		};
/* End PBXNativeTarget section */

/* Begin PBXProject section */
		9C1149D82824550B003304CD /* Project object */ = {
			isa = PBXProject;
			attributes = {
				BuildIndependentTargetsInParallel = 1;
				LastSwiftUpdateCheck = 1320;
				LastUpgradeCheck = 1320;
				TargetAttributes = {
					9C1149DF2824550B003304CD = {
						CreatedOnToolsVersion = 13.2.1;
					};
				};
			};
			buildConfigurationList = 9C1149DB2824550B003304CD /* Build configuration list for PBXProject "InfiniteScroll PullToRefresh Paging" */;
			compatibilityVersion = "Xcode 13.0";
			developmentRegion = en;
			hasScannedForEncodings = 0;
			knownRegions = (
				en,
				Base,
			);
			mainGroup = 9C1149D72824550B003304CD;
			productRefGroup = 9C1149E12824550B003304CD /* Products */;
			projectDirPath = "";
			projectRoot = "";
			targets = (
				9C1149DF2824550B003304CD /* InfiniteScroll PullToRefresh Paging */,
			);
		};
/* End PBXProject section */

/* Begin PBXResourcesBuildPhase section */
		9C1149DE2824550B003304CD /* Resources */ = {
			isa = PBXResourcesBuildPhase;
			buildActionMask = 2147483647;
			files = (
				9C1149F02824550C003304CD /* LaunchScreen.storyboard in Resources */,
				9C1149ED2824550C003304CD /* Assets.xcassets in Resources */,
			);
			runOnlyForDeploymentPostprocessing = 0;
		};
/* End PBXResourcesBuildPhase section */

/* Begin PBXSourcesBuildPhase section */
		9C1149DC2824550B003304CD /* Sources */ = {
			isa = PBXSourcesBuildPhase;
			buildActionMask = 2147483647;
			files = (
				9C114A1328245697003304CD /* ProfileModel.swift in Sources */,
				9C114A1C282510CE003304CD /* ClientNetworkService.swift in Sources */,
				9C114A1E282514FE003304CD /* AppRouter.swift in Sources */,
				9C1149FF2824561B003304CD /* PullToRefreshViewModel.swift in Sources */,
				9C114A1A282507F8003304CD /* Endpoints.swift in Sources */,
				9C114A0F28245677003304CD /* ProfileView.swift in Sources */,
				9C114A0B28245665003304CD /* HomeViewModel.swift in Sources */,
				9C114A2028251573003304CD /* HomeViewBuilder.swift in Sources */,
				9C114A16282507A3003304CD /* NetworkService.swift in Sources */,
				9C114A052824563E003304CD /* InfiniteScrollViewModel.swift in Sources */,
				9C114A0328245635003304CD /* InfiniteScrollView.swift in Sources */,
				9C114A092824565F003304CD /* HomeView.swift in Sources */,
				9C114A112824568E003304CD /* ProfileViewModel.swift in Sources */,
				9C114A18282507BF003304CD /* RandomUsersDTO.swift in Sources */,
				9C114A0128245621003304CD /* PullToRefreshModel.swift in Sources */,
				9C1149FD2824560D003304CD /* PullToRefreshView.swift in Sources */,
				9C114A0D2824566F003304CD /* HomeModel.swift in Sources */,
				9C1149E42824550B003304CD /* AppDelegate.swift in Sources */,
				9C1149E62824550B003304CD /* SceneDelegate.swift in Sources */,
				9C114A072824564A003304CD /* InfiniteScrollModel.swift in Sources */,
				9C114A22282515E6003304CD /* AppContainer.swift in Sources */,
			);
			runOnlyForDeploymentPostprocessing = 0;
		};
/* End PBXSourcesBuildPhase section */

/* Begin PBXVariantGroup section */
		9C1149EE2824550C003304CD /* LaunchScreen.storyboard */ = {
			isa = PBXVariantGroup;
			children = (
				9C1149EF2824550C003304CD /* Base */,
			);
			name = LaunchScreen.storyboard;
			sourceTree = "<group>";
		};
/* End PBXVariantGroup section */

/* Begin XCBuildConfiguration section */
		9C1149F22824550C003304CD /* Debug */ = {
			isa = XCBuildConfiguration;
			buildSettings = {
				ALWAYS_SEARCH_USER_PATHS = NO;
				CLANG_ANALYZER_NONNULL = YES;
				CLANG_ANALYZER_NUMBER_OBJECT_CONVERSION = YES_AGGRESSIVE;
				CLANG_CXX_LANGUAGE_STANDARD = "gnu++17";
				CLANG_CXX_LIBRARY = "libc++";
				CLANG_ENABLE_MODULES = YES;
				CLANG_ENABLE_OBJC_ARC = YES;
				CLANG_ENABLE_OBJC_WEAK = YES;
				CLANG_WARN_BLOCK_CAPTURE_AUTORELEASING = YES;
				CLANG_WARN_BOOL_CONVERSION = YES;
				CLANG_WARN_COMMA = YES;
				CLANG_WARN_CONSTANT_CONVERSION = YES;
				CLANG_WARN_DEPRECATED_OBJC_IMPLEMENTATIONS = YES;
				CLANG_WARN_DIRECT_OBJC_ISA_USAGE = YES_ERROR;
				CLANG_WARN_DOCUMENTATION_COMMENTS = YES;
				CLANG_WARN_EMPTY_BODY = YES;
				CLANG_WARN_ENUM_CONVERSION = YES;
				CLANG_WARN_INFINITE_RECURSION = YES;
				CLANG_WARN_INT_CONVERSION = YES;
				CLANG_WARN_NON_LITERAL_NULL_CONVERSION = YES;
				CLANG_WARN_OBJC_IMPLICIT_RETAIN_SELF = YES;
				CLANG_WARN_OBJC_LITERAL_CONVERSION = YES;
				CLANG_WARN_OBJC_ROOT_CLASS = YES_ERROR;
				CLANG_WARN_QUOTED_INCLUDE_IN_FRAMEWORK_HEADER = YES;
				CLANG_WARN_RANGE_LOOP_ANALYSIS = YES;
				CLANG_WARN_STRICT_PROTOTYPES = YES;
				CLANG_WARN_SUSPICIOUS_MOVE = YES;
				CLANG_WARN_UNGUARDED_AVAILABILITY = YES_AGGRESSIVE;
				CLANG_WARN_UNREACHABLE_CODE = YES;
				CLANG_WARN__DUPLICATE_METHOD_MATCH = YES;
				COPY_PHASE_STRIP = NO;
				DEBUG_INFORMATION_FORMAT = dwarf;
				ENABLE_STRICT_OBJC_MSGSEND = YES;
				ENABLE_TESTABILITY = YES;
				GCC_C_LANGUAGE_STANDARD = gnu11;
				GCC_DYNAMIC_NO_PIC = NO;
				GCC_NO_COMMON_BLOCKS = YES;
				GCC_OPTIMIZATION_LEVEL = 0;
				GCC_PREPROCESSOR_DEFINITIONS = (
					"DEBUG=1",
					"$(inherited)",
				);
				GCC_WARN_64_TO_32_BIT_CONVERSION = YES;
				GCC_WARN_ABOUT_RETURN_TYPE = YES_ERROR;
				GCC_WARN_UNDECLARED_SELECTOR = YES;
				GCC_WARN_UNINITIALIZED_AUTOS = YES_AGGRESSIVE;
				GCC_WARN_UNUSED_FUNCTION = YES;
				GCC_WARN_UNUSED_VARIABLE = YES;
				IPHONEOS_DEPLOYMENT_TARGET = 15.2;
				MTL_ENABLE_DEBUG_INFO = INCLUDE_SOURCE;
				MTL_FAST_MATH = YES;
				ONLY_ACTIVE_ARCH = YES;
				SDKROOT = iphoneos;
				SWIFT_ACTIVE_COMPILATION_CONDITIONS = DEBUG;
				SWIFT_OPTIMIZATION_LEVEL = "-Onone";
			};
			name = Debug;
		};
		9C1149F32824550C003304CD /* Release */ = {
			isa = XCBuildConfiguration;
			buildSettings = {
				ALWAYS_SEARCH_USER_PATHS = NO;
				CLANG_ANALYZER_NONNULL = YES;
				CLANG_ANALYZER_NUMBER_OBJECT_CONVERSION = YES_AGGRESSIVE;
				CLANG_CXX_LANGUAGE_STANDARD = "gnu++17";
				CLANG_CXX_LIBRARY = "libc++";
				CLANG_ENABLE_MODULES = YES;
				CLANG_ENABLE_OBJC_ARC = YES;
				CLANG_ENABLE_OBJC_WEAK = YES;
				CLANG_WARN_BLOCK_CAPTURE_AUTORELEASING = YES;
				CLANG_WARN_BOOL_CONVERSION = YES;
				CLANG_WARN_COMMA = YES;
				CLANG_WARN_CONSTANT_CONVERSION = YES;
				CLANG_WARN_DEPRECATED_OBJC_IMPLEMENTATIONS = YES;
				CLANG_WARN_DIRECT_OBJC_ISA_USAGE = YES_ERROR;
				CLANG_WARN_DOCUMENTATION_COMMENTS = YES;
				CLANG_WARN_EMPTY_BODY = YES;
				CLANG_WARN_ENUM_CONVERSION = YES;
				CLANG_WARN_INFINITE_RECURSION = YES;
				CLANG_WARN_INT_CONVERSION = YES;
				CLANG_WARN_NON_LITERAL_NULL_CONVERSION = YES;
				CLANG_WARN_OBJC_IMPLICIT_RETAIN_SELF = YES;
				CLANG_WARN_OBJC_LITERAL_CONVERSION = YES;
				CLANG_WARN_OBJC_ROOT_CLASS = YES_ERROR;
				CLANG_WARN_QUOTED_INCLUDE_IN_FRAMEWORK_HEADER = YES;
				CLANG_WARN_RANGE_LOOP_ANALYSIS = YES;
				CLANG_WARN_STRICT_PROTOTYPES = YES;
				CLANG_WARN_SUSPICIOUS_MOVE = YES;
				CLANG_WARN_UNGUARDED_AVAILABILITY = YES_AGGRESSIVE;
				CLANG_WARN_UNREACHABLE_CODE = YES;
				CLANG_WARN__DUPLICATE_METHOD_MATCH = YES;
				COPY_PHASE_STRIP = NO;
				DEBUG_INFORMATION_FORMAT = "dwarf-with-dsym";
				ENABLE_NS_ASSERTIONS = NO;
				ENABLE_STRICT_OBJC_MSGSEND = YES;
				GCC_C_LANGUAGE_STANDARD = gnu11;
				GCC_NO_COMMON_BLOCKS = YES;
				GCC_WARN_64_TO_32_BIT_CONVERSION = YES;
				GCC_WARN_ABOUT_RETURN_TYPE = YES_ERROR;
				GCC_WARN_UNDECLARED_SELECTOR = YES;
				GCC_WARN_UNINITIALIZED_AUTOS = YES_AGGRESSIVE;
				GCC_WARN_UNUSED_FUNCTION = YES;
				GCC_WARN_UNUSED_VARIABLE = YES;
				IPHONEOS_DEPLOYMENT_TARGET = 15.2;
				MTL_ENABLE_DEBUG_INFO = NO;
				MTL_FAST_MATH = YES;
				SDKROOT = iphoneos;
				SWIFT_COMPILATION_MODE = wholemodule;
				SWIFT_OPTIMIZATION_LEVEL = "-O";
				VALIDATE_PRODUCT = YES;
			};
			name = Release;
		};
		9C1149F52824550C003304CD /* Debug */ = {
			isa = XCBuildConfiguration;
			buildSettings = {
				ASSETCATALOG_COMPILER_APPICON_NAME = AppIcon;
				ASSETCATALOG_COMPILER_GLOBAL_ACCENT_COLOR_NAME = AccentColor;
				CODE_SIGN_STYLE = Automatic;
				CURRENT_PROJECT_VERSION = 1;
				DEVELOPMENT_TEAM = 5L637C2H24;
				GENERATE_INFOPLIST_FILE = YES;
				INFOPLIST_FILE = "InfiniteScroll PullToRefresh Paging/Resources/Info.plist";
				INFOPLIST_KEY_UIApplicationSupportsIndirectInputEvents = YES;
				INFOPLIST_KEY_UILaunchStoryboardName = LaunchScreen;
				INFOPLIST_KEY_UIMainStoryboardFile = "";
				INFOPLIST_KEY_UISupportedInterfaceOrientations_iPad = "UIInterfaceOrientationPortrait UIInterfaceOrientationPortraitUpsideDown UIInterfaceOrientationLandscapeLeft UIInterfaceOrientationLandscapeRight";
				INFOPLIST_KEY_UISupportedInterfaceOrientations_iPhone = "UIInterfaceOrientationPortrait UIInterfaceOrientationLandscapeLeft UIInterfaceOrientationLandscapeRight";
				LD_RUNPATH_SEARCH_PATHS = (
					"$(inherited)",
					"@executable_path/Frameworks",
				);
				MARKETING_VERSION = 1.0;
				PRODUCT_BUNDLE_IDENTIFIER = "com.example.InfiniteScroll-PullToRefresh-Paging";
				PRODUCT_NAME = "$(TARGET_NAME)";
				SWIFT_EMIT_LOC_STRINGS = YES;
				SWIFT_VERSION = 5.0;
				TARGETED_DEVICE_FAMILY = "1,2";
			};
			name = Debug;
		};
		9C1149F62824550C003304CD /* Release */ = {
			isa = XCBuildConfiguration;
			buildSettings = {
				ASSETCATALOG_COMPILER_APPICON_NAME = AppIcon;
				ASSETCATALOG_COMPILER_GLOBAL_ACCENT_COLOR_NAME = AccentColor;
				CODE_SIGN_STYLE = Automatic;
				CURRENT_PROJECT_VERSION = 1;
				DEVELOPMENT_TEAM = 5L637C2H24;
				GENERATE_INFOPLIST_FILE = YES;
				INFOPLIST_FILE = "InfiniteScroll PullToRefresh Paging/Resources/Info.plist";
				INFOPLIST_KEY_UIApplicationSupportsIndirectInputEvents = YES;
				INFOPLIST_KEY_UILaunchStoryboardName = LaunchScreen;
				INFOPLIST_KEY_UIMainStoryboardFile = "";
				INFOPLIST_KEY_UISupportedInterfaceOrientations_iPad = "UIInterfaceOrientationPortrait UIInterfaceOrientationPortraitUpsideDown UIInterfaceOrientationLandscapeLeft UIInterfaceOrientationLandscapeRight";
				INFOPLIST_KEY_UISupportedInterfaceOrientations_iPhone = "UIInterfaceOrientationPortrait UIInterfaceOrientationLandscapeLeft UIInterfaceOrientationLandscapeRight";
				LD_RUNPATH_SEARCH_PATHS = (
					"$(inherited)",
					"@executable_path/Frameworks",
				);
				MARKETING_VERSION = 1.0;
				PRODUCT_BUNDLE_IDENTIFIER = "com.example.InfiniteScroll-PullToRefresh-Paging";
				PRODUCT_NAME = "$(TARGET_NAME)";
				SWIFT_EMIT_LOC_STRINGS = YES;
				SWIFT_VERSION = 5.0;
				TARGETED_DEVICE_FAMILY = "1,2";
			};
			name = Release;
		};
/* End XCBuildConfiguration section */

/* Begin XCConfigurationList section */
		9C1149DB2824550B003304CD /* Build configuration list for PBXProject "InfiniteScroll PullToRefresh Paging" */ = {
			isa = XCConfigurationList;
			buildConfigurations = (
				9C1149F22824550C003304CD /* Debug */,
				9C1149F32824550C003304CD /* Release */,
			);
			defaultConfigurationIsVisible = 0;
			defaultConfigurationName = Release;
		};
		9C1149F42824550C003304CD /* Build configuration list for PBXNativeTarget "InfiniteScroll PullToRefresh Paging" */ = {
			isa = XCConfigurationList;
			buildConfigurations = (
				9C1149F52824550C003304CD /* Debug */,
				9C1149F62824550C003304CD /* Release */,
			);
			defaultConfigurationIsVisible = 0;
			defaultConfigurationName = Release;
		};
/* End XCConfigurationList section */
	};
	rootObject = 9C1149D82824550B003304CD /* Project object */;
}
